# Lock de terceros — Phone Farm Platform (2026-08-13)
#
# Los checkouts de platform/third_party/ están fijados a commits concretos.
# Cualquier despliegue (deploy.ps1, setup-new-machine.ps1, Docker) debe usar
# ESTOS commits; un cambio de versión requiere actualizar este fichero y el
# parche correspondiente (ver docs/THIRD-PARTY-LOCK.md).

[MoneyPrinterTurbo]
version = "1.3.3"
commit = "254cd02"
remote = "https://github.com/harry0703/MoneyPrinterTurbo.git"
patch = "patches/mpt-verify-token.patch"
notes = "Endurecido localmente: verify_token activo en routers v1 (comparación tiempo constante), fail-closed sin MPT_API_KEY, solo /ping público (openapi/docs autenticados). CVE-2025-7897 no aplica a 1.3.3 (afectadas <=1.2.6)."

[taktik-bot]
version = "1.0.0"
commit = "c2b7489"
remote = "https://github.com/masterFuf/taktik-bot.git"
patch = ""
notes = "Sin parche local; fijado por commit (requirements.txt usa @c2b7489...)."
